
Microsoft Visual Studio Solution File, Format Version 12.00
# Visual Studio 14
VisualStudioVersion = 14.0.24720.0
MinimumVisualStudioVersion = 10.0.40219.1
Project("{2150E333-8FDC-42A3-9474-1A3956D46DE8}") = "Solution Items", "Solution Items", "{4AF3A4D1-74B7-4F8C-9CCD-7C82C78116D4}"
	ProjectSection(SolutionItems) = preProject
		build-nupkg.bat = build-nupkg.bat
		CenterCLR.SgmlReader.128.png = CenterCLR.SgmlReader.128.png
		CenterCLR.SgmlReader.32.png = CenterCLR.SgmlReader.32.png
		CenterCLR.SgmlReader.design = CenterCLR.SgmlReader.design
		CenterCLR.SgmlReader.nuspec = CenterCLR.SgmlReader.nuspec
		CenterCLR.SgmlReader.snk = CenterCLR.SgmlReader.snk
		CommonAssemblyInfo.cs = CommonAssemblyInfo.cs
		README.md = README.md
	EndProjectSection
EndProject
Project("{2150E333-8FDC-42A3-9474-1A3956D46DE8}") = ".nuget", ".nuget", "{DB2867CE-E612-4796-AE31-C7619071CE1E}"
	ProjectSection(SolutionItems) = preProject
		.nuget\NuGet.Config = .nuget\NuGet.Config
		.nuget\NuGet.exe = .nuget\NuGet.exe
		.nuget\NuGet.targets = .nuget\NuGet.targets
	EndProjectSection
EndProject
Project("{FAE04EC0-301F-11D3-BF4B-00C04F79EFBC}") = "CenterCLR.SgmlReader.PCL2", "CenterCLR.SgmlReader.PCL2\CenterCLR.SgmlReader.PCL2.csproj", "{C26A3041-3F92-4A99-9849-2450FB5CFC1F}"
EndProject
Project("{FAE04EC0-301F-11D3-BF4B-00C04F79EFBC}") = "CenterCLR.SgmlReaderTests", "CenterCLR.SgmlReaderTests\CenterCLR.SgmlReaderTests.csproj", "{31F6EB63-3A48-40F5-AB44-417ED60C8BAD}"
EndProject
Project("{FAE04EC0-301F-11D3-BF4B-00C04F79EFBC}") = "CenterCLR.SgmlReader.PCL3", "CenterCLR.SgmlReader.PCL3\CenterCLR.SgmlReader.PCL3.csproj", "{E2E00222-694A-43FE-BF0A-ACD65AF12EF3}"
EndProject
Project("{FAE04EC0-301F-11D3-BF4B-00C04F79EFBC}") = "CenterCLR.SgmlReader.NET35", "CenterCLR.SgmlReader.NET35\CenterCLR.SgmlReader.NET35.csproj", "{4F1312E7-8C4C-49D1-975D-585C2698FC4F}"
EndProject
Project("{FAE04EC0-301F-11D3-BF4B-00C04F79EFBC}") = "CenterCLR.SgmlReader.NET4", "CenterCLR.SgmlReader.NET4\CenterCLR.SgmlReader.NET4.csproj", "{326104E4-9EC5-4A12-8A64-DAA74362469F}"
EndProject
Project("{FAE04EC0-301F-11D3-BF4B-00C04F79EFBC}") = "dnxcore50-sample", "dnxcore50-sample\dnxcore50-sample.csproj", "{86D68F97-625F-44BA-93AF-DAA75BAD7A91}"
EndProject
Global
	GlobalSection(SolutionConfigurationPlatforms) = preSolution
		Debug|Any CPU = Debug|Any CPU
		Release|Any CPU = Release|Any CPU
	EndGlobalSection
	GlobalSection(ProjectConfigurationPlatforms) = postSolution
		{C26A3041-3F92-4A99-9849-2450FB5CFC1F}.Debug|Any CPU.ActiveCfg = Debug|Any CPU
		{C26A3041-3F92-4A99-9849-2450FB5CFC1F}.Debug|Any CPU.Build.0 = Debug|Any CPU
		{C26A3041-3F92-4A99-9849-2450FB5CFC1F}.Release|Any CPU.ActiveCfg = Release|Any CPU
		{C26A3041-3F92-4A99-9849-2450FB5CFC1F}.Release|Any CPU.Build.0 = Release|Any CPU
		{31F6EB63-3A48-40F5-AB44-417ED60C8BAD}.Debug|Any CPU.ActiveCfg = Debug|Any CPU
		{31F6EB63-3A48-40F5-AB44-417ED60C8BAD}.Debug|Any CPU.Build.0 = Debug|Any CPU
		{31F6EB63-3A48-40F5-AB44-417ED60C8BAD}.Release|Any CPU.ActiveCfg = Release|Any CPU
		{31F6EB63-3A48-40F5-AB44-417ED60C8BAD}.Release|Any CPU.Build.0 = Release|Any CPU
		{E2E00222-694A-43FE-BF0A-ACD65AF12EF3}.Debug|Any CPU.ActiveCfg = Debug|Any CPU
		{E2E00222-694A-43FE-BF0A-ACD65AF12EF3}.Debug|Any CPU.Build.0 = Debug|Any CPU
		{E2E00222-694A-43FE-BF0A-ACD65AF12EF3}.Release|Any CPU.ActiveCfg = Release|Any CPU
		{E2E00222-694A-43FE-BF0A-ACD65AF12EF3}.Release|Any CPU.Build.0 = Release|Any CPU
		{4F1312E7-8C4C-49D1-975D-585C2698FC4F}.Debug|Any CPU.ActiveCfg = Debug|Any CPU
		{4F1312E7-8C4C-49D1-975D-585C2698FC4F}.Debug|Any CPU.Build.0 = Debug|Any CPU
		{4F1312E7-8C4C-49D1-975D-585C2698FC4F}.Release|Any CPU.ActiveCfg = Release|Any CPU
		{4F1312E7-8C4C-49D1-975D-585C2698FC4F}.Release|Any CPU.Build.0 = Release|Any CPU
		{326104E4-9EC5-4A12-8A64-DAA74362469F}.Debug|Any CPU.ActiveCfg = Debug|Any CPU
		{326104E4-9EC5-4A12-8A64-DAA74362469F}.Debug|Any CPU.Build.0 = Debug|Any CPU
		{326104E4-9EC5-4A12-8A64-DAA74362469F}.Release|Any CPU.ActiveCfg = Release|Any CPU
		{326104E4-9EC5-4A12-8A64-DAA74362469F}.Release|Any CPU.Build.0 = Release|Any CPU
		{86D68F97-625F-44BA-93AF-DAA75BAD7A91}.Debug|Any CPU.ActiveCfg = Debug|Any CPU
		{86D68F97-625F-44BA-93AF-DAA75BAD7A91}.Release|Any CPU.ActiveCfg = Release|Any CPU
	EndGlobalSection
	GlobalSection(SolutionProperties) = preSolution
		HideSolutionNode = FALSE
	EndGlobalSection
EndGlobal
