
Microsoft Visual Studio Solution File, Format Version 12.00
# Visual Studio 2012
Project("{FAE04EC0-301F-11D3-BF4B-00C04F79EFBC}") = "CenterCLR.SgmlReader", "CenterCLR.SgmlReader\CenterCLR.SgmlReader.csproj", "{9E2C16E2-EC92-4437-B123-3375568F4DF6}"
EndProject
Project("{FAE04EC0-301F-11D3-BF4B-00C04F79EFBC}") = "CenterCLR.SgmlReaderTests", "CenterCLR.SgmlReaderTests\CenterCLR.SgmlReaderTests.csproj", "{31F6EB63-3A48-40F5-AB44-417ED60C8BAD}"
EndProject
Project("{2150E333-8FDC-42A3-9474-1A3956D46DE8}") = "Solution Items", "Solution Items", "{4AF3A4D1-74B7-4F8C-9CCD-7C82C78116D4}"
	ProjectSection(SolutionItems) = preProject
		CenterCLR.SgmlReader.design = CenterCLR.SgmlReader.design
		README.md = README.md
	EndProjectSection
EndProject
Project("{2150E333-8FDC-42A3-9474-1A3956D46DE8}") = ".nuget", ".nuget", "{DB2867CE-E612-4796-AE31-C7619071CE1E}"
	ProjectSection(SolutionItems) = preProject
		.nuget\NuGet.Config = .nuget\NuGet.Config
		.nuget\NuGet.exe = .nuget\NuGet.exe
		.nuget\NuGet.targets = .nuget\NuGet.targets
	EndProjectSection
EndProject
Global
	GlobalSection(SolutionConfigurationPlatforms) = preSolution
		Debug|Any CPU = Debug|Any CPU
		Release|Any CPU = Release|Any CPU
	EndGlobalSection
	GlobalSection(ProjectConfigurationPlatforms) = postSolution
		{9E2C16E2-EC92-4437-B123-3375568F4DF6}.Debug|Any CPU.ActiveCfg = Debug|Any CPU
		{9E2C16E2-EC92-4437-B123-3375568F4DF6}.Debug|Any CPU.Build.0 = Debug|Any CPU
		{9E2C16E2-EC92-4437-B123-3375568F4DF6}.Release|Any CPU.ActiveCfg = Release|Any CPU
		{9E2C16E2-EC92-4437-B123-3375568F4DF6}.Release|Any CPU.Build.0 = Release|Any CPU
		{31F6EB63-3A48-40F5-AB44-417ED60C8BAD}.Debug|Any CPU.ActiveCfg = Debug|Any CPU
		{31F6EB63-3A48-40F5-AB44-417ED60C8BAD}.Debug|Any CPU.Build.0 = Debug|Any CPU
		{31F6EB63-3A48-40F5-AB44-417ED60C8BAD}.Release|Any CPU.ActiveCfg = Release|Any CPU
		{31F6EB63-3A48-40F5-AB44-417ED60C8BAD}.Release|Any CPU.Build.0 = Release|Any CPU
	EndGlobalSection
	GlobalSection(SolutionProperties) = preSolution
		HideSolutionNode = FALSE
	EndGlobalSection
EndGlobal
